
Microsoft Visual Studio Solution File, Format Version 12.00
# Visual Studio 15
VisualStudioVersion = 15.0.26730.16
MinimumVisualStudioVersion = 10.0.40219.1
Project("{FAE04EC0-301F-11D3-BF4B-00C04F79EFBC}") = "Alura.Mobile.Android", "Alura.Mobile\Alura.Mobile.Android\Alura.Mobile.Android.csproj", "{38DE049D-9AE8-48CC-919F-4525BEE8B0F5}"
EndProject
Project("{FAE04EC0-301F-11D3-BF4B-00C04F79EFBC}") = "Alura.Mobile", "Alura.Mobile\Alura.Mobile\Alura.Mobile.csproj", "{45B383E6-FFC3-47ED-AE35-06125EB66560}"
EndProject
Project("{FAE04EC0-301F-11D3-BF4B-00C04F79EFBC}") = "Alura.Mobile.UWP", "Alura.Mobile\Alura.Mobile.UWP\Alura.Mobile.UWP.csproj", "{05B38DC3-C005-4124-A974-E1E1C82446D0}"
EndProject
Project("{FAE04EC0-301F-11D3-BF4B-00C04F79EFBC}") = "Alura.Mobile.iOS", "Alura.Mobile\Alura.Mobile.iOS\Alura.Mobile.iOS.csproj", "{E7892996-8D6D-481F-86BC-2F3A14EEDF18}"
EndProject
Global
	GlobalSection(SolutionConfigurationPlatforms) = preSolution
		Ad-Hoc|Any CPU = Ad-Hoc|Any CPU
		Ad-Hoc|ARM = Ad-Hoc|ARM
		Ad-Hoc|iPhone = Ad-Hoc|iPhone
		Ad-Hoc|iPhoneSimulator = Ad-Hoc|iPhoneSimulator
		Ad-Hoc|x64 = Ad-Hoc|x64
		Ad-Hoc|x86 = Ad-Hoc|x86
		AppStore|Any CPU = AppStore|Any CPU
		AppStore|ARM = AppStore|ARM
		AppStore|iPhone = AppStore|iPhone
		AppStore|iPhoneSimulator = AppStore|iPhoneSimulator
		AppStore|x64 = AppStore|x64
		AppStore|x86 = AppStore|x86
		Debug|Any CPU = Debug|Any CPU
		Debug|ARM = Debug|ARM
		Debug|iPhone = Debug|iPhone
		Debug|iPhoneSimulator = Debug|iPhoneSimulator
		Debug|x64 = Debug|x64
		Debug|x86 = Debug|x86
		Release|Any CPU = Release|Any CPU
		Release|ARM = Release|ARM
		Release|iPhone = Release|iPhone
		Release|iPhoneSimulator = Release|iPhoneSimulator
		Release|x64 = Release|x64
		Release|x86 = Release|x86
	EndGlobalSection
	GlobalSection(ProjectConfigurationPlatforms) = postSolution
		{38DE049D-9AE8-48CC-919F-4525BEE8B0F5}.Ad-Hoc|Any CPU.ActiveCfg = Release|Any CPU
		{38DE049D-9AE8-48CC-919F-4525BEE8B0F5}.Ad-Hoc|Any CPU.Build.0 = Release|Any CPU
		{38DE049D-9AE8-48CC-919F-4525BEE8B0F5}.Ad-Hoc|Any CPU.Deploy.0 = Release|Any CPU
		{38DE049D-9AE8-48CC-919F-4525BEE8B0F5}.Ad-Hoc|ARM.ActiveCfg = Release|Any CPU
		{38DE049D-9AE8-48CC-919F-4525BEE8B0F5}.Ad-Hoc|ARM.Build.0 = Release|Any CPU
		{38DE049D-9AE8-48CC-919F-4525BEE8B0F5}.Ad-Hoc|ARM.Deploy.0 = Release|Any CPU
		{38DE049D-9AE8-48CC-919F-4525BEE8B0F5}.Ad-Hoc|iPhone.ActiveCfg = Release|Any CPU
		{38DE049D-9AE8-48CC-919F-4525BEE8B0F5}.Ad-Hoc|iPhone.Build.0 = Release|Any CPU
		{38DE049D-9AE8-48CC-919F-4525BEE8B0F5}.Ad-Hoc|iPhone.Deploy.0 = Release|Any CPU
		{38DE049D-9AE8-48CC-919F-4525BEE8B0F5}.Ad-Hoc|iPhoneSimulator.ActiveCfg = Release|Any CPU
		{38DE049D-9AE8-48CC-919F-4525BEE8B0F5}.Ad-Hoc|iPhoneSimulator.Build.0 = Release|Any CPU
		{38DE049D-9AE8-48CC-919F-4525BEE8B0F5}.Ad-Hoc|iPhoneSimulator.Deploy.0 = Release|Any CPU
		{38DE049D-9AE8-48CC-919F-4525BEE8B0F5}.Ad-Hoc|x64.ActiveCfg = Release|Any CPU
		{38DE049D-9AE8-48CC-919F-4525BEE8B0F5}.Ad-Hoc|x64.Build.0 = Release|Any CPU
		{38DE049D-9AE8-48CC-919F-4525BEE8B0F5}.Ad-Hoc|x64.Deploy.0 = Release|Any CPU
		{38DE049D-9AE8-48CC-919F-4525BEE8B0F5}.Ad-Hoc|x86.ActiveCfg = Release|Any CPU
		{38DE049D-9AE8-48CC-919F-4525BEE8B0F5}.Ad-Hoc|x86.Build.0 = Release|Any CPU
		{38DE049D-9AE8-48CC-919F-4525BEE8B0F5}.Ad-Hoc|x86.Deploy.0 = Release|Any CPU
		{38DE049D-9AE8-48CC-919F-4525BEE8B0F5}.AppStore|Any CPU.ActiveCfg = Release|Any CPU
		{38DE049D-9AE8-48CC-919F-4525BEE8B0F5}.AppStore|Any CPU.Build.0 = Release|Any CPU
		{38DE049D-9AE8-48CC-919F-4525BEE8B0F5}.AppStore|Any CPU.Deploy.0 = Release|Any CPU
		{38DE049D-9AE8-48CC-919F-4525BEE8B0F5}.AppStore|ARM.ActiveCfg = Release|Any CPU
		{38DE049D-9AE8-48CC-919F-4525BEE8B0F5}.AppStore|ARM.Build.0 = Release|Any CPU
		{38DE049D-9AE8-48CC-919F-4525BEE8B0F5}.AppStore|ARM.Deploy.0 = Release|Any CPU
		{38DE049D-9AE8-48CC-919F-4525BEE8B0F5}.AppStore|iPhone.ActiveCfg = Release|Any CPU
		{38DE049D-9AE8-48CC-919F-4525BEE8B0F5}.AppStore|iPhone.Build.0 = Release|Any CPU
		{38DE049D-9AE8-48CC-919F-4525BEE8B0F5}.AppStore|iPhone.Deploy.0 = Release|Any CPU
		{38DE049D-9AE8-48CC-919F-4525BEE8B0F5}.AppStore|iPhoneSimulator.ActiveCfg = Release|Any CPU
		{38DE049D-9AE8-48CC-919F-4525BEE8B0F5}.AppStore|iPhoneSimulator.Build.0 = Release|Any CPU
		{38DE049D-9AE8-48CC-919F-4525BEE8B0F5}.AppStore|iPhoneSimulator.Deploy.0 = Release|Any CPU
		{38DE049D-9AE8-48CC-919F-4525BEE8B0F5}.AppStore|x64.ActiveCfg = Release|Any CPU
		{38DE049D-9AE8-48CC-919F-4525BEE8B0F5}.AppStore|x64.Build.0 = Release|Any CPU
		{38DE049D-9AE8-48CC-919F-4525BEE8B0F5}.AppStore|x64.Deploy.0 = Release|Any CPU
		{38DE049D-9AE8-48CC-919F-4525BEE8B0F5}.AppStore|x86.ActiveCfg = Release|Any CPU
		{38DE049D-9AE8-48CC-919F-4525BEE8B0F5}.AppStore|x86.Build.0 = Release|Any CPU
		{38DE049D-9AE8-48CC-919F-4525BEE8B0F5}.AppStore|x86.Deploy.0 = Release|Any CPU
		{38DE049D-9AE8-48CC-919F-4525BEE8B0F5}.Debug|Any CPU.ActiveCfg = Debug|Any CPU
		{38DE049D-9AE8-48CC-919F-4525BEE8B0F5}.Debug|Any CPU.Build.0 = Debug|Any CPU
		{38DE049D-9AE8-48CC-919F-4525BEE8B0F5}.Debug|Any CPU.Deploy.0 = Debug|Any CPU
		{38DE049D-9AE8-48CC-919F-4525BEE8B0F5}.Debug|ARM.ActiveCfg = Debug|Any CPU
		{38DE049D-9AE8-48CC-919F-4525BEE8B0F5}.Debug|ARM.Build.0 = Debug|Any CPU
		{38DE049D-9AE8-48CC-919F-4525BEE8B0F5}.Debug|ARM.Deploy.0 = Debug|Any CPU
		{38DE049D-9AE8-48CC-919F-4525BEE8B0F5}.Debug|iPhone.ActiveCfg = Debug|Any CPU
		{38DE049D-9AE8-48CC-919F-4525BEE8B0F5}.Debug|iPhone.Build.0 = Debug|Any CPU
		{38DE049D-9AE8-48CC-919F-4525BEE8B0F5}.Debug|iPhone.Deploy.0 = Debug|Any CPU
		{38DE049D-9AE8-48CC-919F-4525BEE8B0F5}.Debug|iPhoneSimulator.ActiveCfg = Debug|Any CPU
		{38DE049D-9AE8-48CC-919F-4525BEE8B0F5}.Debug|iPhoneSimulator.Build.0 = Debug|Any CPU
		{38DE049D-9AE8-48CC-919F-4525BEE8B0F5}.Debug|iPhoneSimulator.Deploy.0 = Debug|Any CPU
		{38DE049D-9AE8-48CC-919F-4525BEE8B0F5}.Debug|x64.ActiveCfg = Debug|Any CPU
		{38DE049D-9AE8-48CC-919F-4525BEE8B0F5}.Debug|x64.Build.0 = Debug|Any CPU
		{38DE049D-9AE8-48CC-919F-4525BEE8B0F5}.Debug|x64.Deploy.0 = Debug|Any CPU
		{38DE049D-9AE8-48CC-919F-4525BEE8B0F5}.Debug|x86.ActiveCfg = Debug|Any CPU
		{38DE049D-9AE8-48CC-919F-4525BEE8B0F5}.Debug|x86.Build.0 = Debug|Any CPU
		{38DE049D-9AE8-48CC-919F-4525BEE8B0F5}.Debug|x86.Deploy.0 = Debug|Any CPU
		{38DE049D-9AE8-48CC-919F-4525BEE8B0F5}.Release|Any CPU.ActiveCfg = Release|Any CPU
		{38DE049D-9AE8-48CC-919F-4525BEE8B0F5}.Release|Any CPU.Build.0 = Release|Any CPU
		{38DE049D-9AE8-48CC-919F-4525BEE8B0F5}.Release|Any CPU.Deploy.0 = Release|Any CPU
		{38DE049D-9AE8-48CC-919F-4525BEE8B0F5}.Release|ARM.ActiveCfg = Release|Any CPU
		{38DE049D-9AE8-48CC-919F-4525BEE8B0F5}.Release|ARM.Build.0 = Release|Any CPU
		{38DE049D-9AE8-48CC-919F-4525BEE8B0F5}.Release|ARM.Deploy.0 = Release|Any CPU
		{38DE049D-9AE8-48CC-919F-4525BEE8B0F5}.Release|iPhone.ActiveCfg = Release|Any CPU
		{38DE049D-9AE8-48CC-919F-4525BEE8B0F5}.Release|iPhone.Build.0 = Release|Any CPU
		{38DE049D-9AE8-48CC-919F-4525BEE8B0F5}.Release|iPhone.Deploy.0 = Release|Any CPU
		{38DE049D-9AE8-48CC-919F-4525BEE8B0F5}.Release|iPhoneSimulator.ActiveCfg = Release|Any CPU
		{38DE049D-9AE8-48CC-919F-4525BEE8B0F5}.Release|iPhoneSimulator.Build.0 = Release|Any CPU
		{38DE049D-9AE8-48CC-919F-4525BEE8B0F5}.Release|iPhoneSimulator.Deploy.0 = Release|Any CPU
		{38DE049D-9AE8-48CC-919F-4525BEE8B0F5}.Release|x64.ActiveCfg = Release|Any CPU
		{38DE049D-9AE8-48CC-919F-4525BEE8B0F5}.Release|x64.Build.0 = Release|Any CPU
		{38DE049D-9AE8-48CC-919F-4525BEE8B0F5}.Release|x64.Deploy.0 = Release|Any CPU
		{38DE049D-9AE8-48CC-919F-4525BEE8B0F5}.Release|x86.ActiveCfg = Release|Any CPU
		{38DE049D-9AE8-48CC-919F-4525BEE8B0F5}.Release|x86.Build.0 = Release|Any CPU
		{38DE049D-9AE8-48CC-919F-4525BEE8B0F5}.Release|x86.Deploy.0 = Release|Any CPU
		{45B383E6-FFC3-47ED-AE35-06125EB66560}.Ad-Hoc|Any CPU.ActiveCfg = Release|Any CPU
		{45B383E6-FFC3-47ED-AE35-06125EB66560}.Ad-Hoc|Any CPU.Build.0 = Release|Any CPU
		{45B383E6-FFC3-47ED-AE35-06125EB66560}.Ad-Hoc|ARM.ActiveCfg = Release|Any CPU
		{45B383E6-FFC3-47ED-AE35-06125EB66560}.Ad-Hoc|ARM.Build.0 = Release|Any CPU
		{45B383E6-FFC3-47ED-AE35-06125EB66560}.Ad-Hoc|iPhone.ActiveCfg = Release|Any CPU
		{45B383E6-FFC3-47ED-AE35-06125EB66560}.Ad-Hoc|iPhone.Build.0 = Release|Any CPU
		{45B383E6-FFC3-47ED-AE35-06125EB66560}.Ad-Hoc|iPhoneSimulator.ActiveCfg = Release|Any CPU
		{45B383E6-FFC3-47ED-AE35-06125EB66560}.Ad-Hoc|iPhoneSimulator.Build.0 = Release|Any CPU
		{45B383E6-FFC3-47ED-AE35-06125EB66560}.Ad-Hoc|x64.ActiveCfg = Release|Any CPU
		{45B383E6-FFC3-47ED-AE35-06125EB66560}.Ad-Hoc|x64.Build.0 = Release|Any CPU
		{45B383E6-FFC3-47ED-AE35-06125EB66560}.Ad-Hoc|x86.ActiveCfg = Release|Any CPU
		{45B383E6-FFC3-47ED-AE35-06125EB66560}.Ad-Hoc|x86.Build.0 = Release|Any CPU
		{45B383E6-FFC3-47ED-AE35-06125EB66560}.AppStore|Any CPU.ActiveCfg = Release|Any CPU
		{45B383E6-FFC3-47ED-AE35-06125EB66560}.AppStore|Any CPU.Build.0 = Release|Any CPU
		{45B383E6-FFC3-47ED-AE35-06125EB66560}.AppStore|ARM.ActiveCfg = Release|Any CPU
		{45B383E6-FFC3-47ED-AE35-06125EB66560}.AppStore|ARM.Build.0 = Release|Any CPU
		{45B383E6-FFC3-47ED-AE35-06125EB66560}.AppStore|iPhone.ActiveCfg = Release|Any CPU
		{45B383E6-FFC3-47ED-AE35-06125EB66560}.AppStore|iPhone.Build.0 = Release|Any CPU
		{45B383E6-FFC3-47ED-AE35-06125EB66560}.AppStore|iPhoneSimulator.ActiveCfg = Release|Any CPU
		{45B383E6-FFC3-47ED-AE35-06125EB66560}.AppStore|iPhoneSimulator.Build.0 = Release|Any CPU
		{45B383E6-FFC3-47ED-AE35-06125EB66560}.AppStore|x64.ActiveCfg = Release|Any CPU
		{45B383E6-FFC3-47ED-AE35-06125EB66560}.AppStore|x64.Build.0 = Release|Any CPU
		{45B383E6-FFC3-47ED-AE35-06125EB66560}.AppStore|x86.ActiveCfg = Release|Any CPU
		{45B383E6-FFC3-47ED-AE35-06125EB66560}.AppStore|x86.Build.0 = Release|Any CPU
		{45B383E6-FFC3-47ED-AE35-06125EB66560}.Debug|Any CPU.ActiveCfg = Debug|Any CPU
		{45B383E6-FFC3-47ED-AE35-06125EB66560}.Debug|Any CPU.Build.0 = Debug|Any CPU
		{45B383E6-FFC3-47ED-AE35-06125EB66560}.Debug|ARM.ActiveCfg = Debug|Any CPU
		{45B383E6-FFC3-47ED-AE35-06125EB66560}.Debug|ARM.Build.0 = Debug|Any CPU
		{45B383E6-FFC3-47ED-AE35-06125EB66560}.Debug|iPhone.ActiveCfg = Debug|Any CPU
		{45B383E6-FFC3-47ED-AE35-06125EB66560}.Debug|iPhone.Build.0 = Debug|Any CPU
		{45B383E6-FFC3-47ED-AE35-06125EB66560}.Debug|iPhoneSimulator.ActiveCfg = Debug|Any CPU
		{45B383E6-FFC3-47ED-AE35-06125EB66560}.Debug|iPhoneSimulator.Build.0 = Debug|Any CPU
		{45B383E6-FFC3-47ED-AE35-06125EB66560}.Debug|x64.ActiveCfg = Debug|Any CPU
		{45B383E6-FFC3-47ED-AE35-06125EB66560}.Debug|x64.Build.0 = Debug|Any CPU
		{45B383E6-FFC3-47ED-AE35-06125EB66560}.Debug|x86.ActiveCfg = Debug|Any CPU
		{45B383E6-FFC3-47ED-AE35-06125EB66560}.Debug|x86.Build.0 = Debug|Any CPU
		{45B383E6-FFC3-47ED-AE35-06125EB66560}.Release|Any CPU.ActiveCfg = Release|Any CPU
		{45B383E6-FFC3-47ED-AE35-06125EB66560}.Release|Any CPU.Build.0 = Release|Any CPU
		{45B383E6-FFC3-47ED-AE35-06125EB66560}.Release|ARM.ActiveCfg = Release|Any CPU
		{45B383E6-FFC3-47ED-AE35-06125EB66560}.Release|ARM.Build.0 = Release|Any CPU
		{45B383E6-FFC3-47ED-AE35-06125EB66560}.Release|iPhone.ActiveCfg = Release|Any CPU
		{45B383E6-FFC3-47ED-AE35-06125EB66560}.Release|iPhone.Build.0 = Release|Any CPU
		{45B383E6-FFC3-47ED-AE35-06125EB66560}.Release|iPhoneSimulator.ActiveCfg = Release|Any CPU
		{45B383E6-FFC3-47ED-AE35-06125EB66560}.Release|iPhoneSimulator.Build.0 = Release|Any CPU
		{45B383E6-FFC3-47ED-AE35-06125EB66560}.Release|x64.ActiveCfg = Release|Any CPU
		{45B383E6-FFC3-47ED-AE35-06125EB66560}.Release|x64.Build.0 = Release|Any CPU
		{45B383E6-FFC3-47ED-AE35-06125EB66560}.Release|x86.ActiveCfg = Release|Any CPU
		{45B383E6-FFC3-47ED-AE35-06125EB66560}.Release|x86.Build.0 = Release|Any CPU
		{05B38DC3-C005-4124-A974-E1E1C82446D0}.Ad-Hoc|Any CPU.ActiveCfg = Release|x86
		{05B38DC3-C005-4124-A974-E1E1C82446D0}.Ad-Hoc|Any CPU.Build.0 = Release|x86
		{05B38DC3-C005-4124-A974-E1E1C82446D0}.Ad-Hoc|Any CPU.Deploy.0 = Release|x86
		{05B38DC3-C005-4124-A974-E1E1C82446D0}.Ad-Hoc|ARM.ActiveCfg = Release|ARM
		{05B38DC3-C005-4124-A974-E1E1C82446D0}.Ad-Hoc|ARM.Build.0 = Release|ARM
		{05B38DC3-C005-4124-A974-E1E1C82446D0}.Ad-Hoc|ARM.Deploy.0 = Release|ARM
		{05B38DC3-C005-4124-A974-E1E1C82446D0}.Ad-Hoc|iPhone.ActiveCfg = Release|x86
		{05B38DC3-C005-4124-A974-E1E1C82446D0}.Ad-Hoc|iPhone.Build.0 = Release|x86
		{05B38DC3-C005-4124-A974-E1E1C82446D0}.Ad-Hoc|iPhone.Deploy.0 = Release|x86
		{05B38DC3-C005-4124-A974-E1E1C82446D0}.Ad-Hoc|iPhoneSimulator.ActiveCfg = Release|x86
		{05B38DC3-C005-4124-A974-E1E1C82446D0}.Ad-Hoc|iPhoneSimulator.Build.0 = Release|x86
		{05B38DC3-C005-4124-A974-E1E1C82446D0}.Ad-Hoc|iPhoneSimulator.Deploy.0 = Release|x86
		{05B38DC3-C005-4124-A974-E1E1C82446D0}.Ad-Hoc|x64.ActiveCfg = Release|x64
		{05B38DC3-C005-4124-A974-E1E1C82446D0}.Ad-Hoc|x64.Build.0 = Release|x64
		{05B38DC3-C005-4124-A974-E1E1C82446D0}.Ad-Hoc|x64.Deploy.0 = Release|x64
		{05B38DC3-C005-4124-A974-E1E1C82446D0}.Ad-Hoc|x86.ActiveCfg = Release|x86
		{05B38DC3-C005-4124-A974-E1E1C82446D0}.Ad-Hoc|x86.Build.0 = Release|x86
		{05B38DC3-C005-4124-A974-E1E1C82446D0}.Ad-Hoc|x86.Deploy.0 = Release|x86
		{05B38DC3-C005-4124-A974-E1E1C82446D0}.AppStore|Any CPU.ActiveCfg = Release|x86
		{05B38DC3-C005-4124-A974-E1E1C82446D0}.AppStore|Any CPU.Build.0 = Release|x86
		{05B38DC3-C005-4124-A974-E1E1C82446D0}.AppStore|Any CPU.Deploy.0 = Release|x86
		{05B38DC3-C005-4124-A974-E1E1C82446D0}.AppStore|ARM.ActiveCfg = Release|ARM
		{05B38DC3-C005-4124-A974-E1E1C82446D0}.AppStore|ARM.Build.0 = Release|ARM
		{05B38DC3-C005-4124-A974-E1E1C82446D0}.AppStore|ARM.Deploy.0 = Release|ARM
		{05B38DC3-C005-4124-A974-E1E1C82446D0}.AppStore|iPhone.ActiveCfg = Release|x86
		{05B38DC3-C005-4124-A974-E1E1C82446D0}.AppStore|iPhone.Build.0 = Release|x86
		{05B38DC3-C005-4124-A974-E1E1C82446D0}.AppStore|iPhone.Deploy.0 = Release|x86
		{05B38DC3-C005-4124-A974-E1E1C82446D0}.AppStore|iPhoneSimulator.ActiveCfg = Release|x86
		{05B38DC3-C005-4124-A974-E1E1C82446D0}.AppStore|iPhoneSimulator.Build.0 = Release|x86
		{05B38DC3-C005-4124-A974-E1E1C82446D0}.AppStore|iPhoneSimulator.Deploy.0 = Release|x86
		{05B38DC3-C005-4124-A974-E1E1C82446D0}.AppStore|x64.ActiveCfg = Release|x64
		{05B38DC3-C005-4124-A974-E1E1C82446D0}.AppStore|x64.Build.0 = Release|x64
		{05B38DC3-C005-4124-A974-E1E1C82446D0}.AppStore|x64.Deploy.0 = Release|x64
		{05B38DC3-C005-4124-A974-E1E1C82446D0}.AppStore|x86.ActiveCfg = Release|x86
		{05B38DC3-C005-4124-A974-E1E1C82446D0}.AppStore|x86.Build.0 = Release|x86
		{05B38DC3-C005-4124-A974-E1E1C82446D0}.AppStore|x86.Deploy.0 = Release|x86
		{05B38DC3-C005-4124-A974-E1E1C82446D0}.Debug|Any CPU.ActiveCfg = Debug|x86
		{05B38DC3-C005-4124-A974-E1E1C82446D0}.Debug|ARM.ActiveCfg = Debug|ARM
		{05B38DC3-C005-4124-A974-E1E1C82446D0}.Debug|ARM.Build.0 = Debug|ARM
		{05B38DC3-C005-4124-A974-E1E1C82446D0}.Debug|ARM.Deploy.0 = Debug|ARM
		{05B38DC3-C005-4124-A974-E1E1C82446D0}.Debug|iPhone.ActiveCfg = Debug|x86
		{05B38DC3-C005-4124-A974-E1E1C82446D0}.Debug|iPhoneSimulator.ActiveCfg = Debug|x86
		{05B38DC3-C005-4124-A974-E1E1C82446D0}.Debug|x64.ActiveCfg = Debug|x64
		{05B38DC3-C005-4124-A974-E1E1C82446D0}.Debug|x64.Build.0 = Debug|x64
		{05B38DC3-C005-4124-A974-E1E1C82446D0}.Debug|x64.Deploy.0 = Debug|x64
		{05B38DC3-C005-4124-A974-E1E1C82446D0}.Debug|x86.ActiveCfg = Debug|x86
		{05B38DC3-C005-4124-A974-E1E1C82446D0}.Debug|x86.Build.0 = Debug|x86
		{05B38DC3-C005-4124-A974-E1E1C82446D0}.Debug|x86.Deploy.0 = Debug|x86
		{05B38DC3-C005-4124-A974-E1E1C82446D0}.Release|Any CPU.ActiveCfg = Release|x86
		{05B38DC3-C005-4124-A974-E1E1C82446D0}.Release|ARM.ActiveCfg = Release|ARM
		{05B38DC3-C005-4124-A974-E1E1C82446D0}.Release|ARM.Build.0 = Release|ARM
		{05B38DC3-C005-4124-A974-E1E1C82446D0}.Release|ARM.Deploy.0 = Release|ARM
		{05B38DC3-C005-4124-A974-E1E1C82446D0}.Release|iPhone.ActiveCfg = Release|x86
		{05B38DC3-C005-4124-A974-E1E1C82446D0}.Release|iPhoneSimulator.ActiveCfg = Release|x86
		{05B38DC3-C005-4124-A974-E1E1C82446D0}.Release|x64.ActiveCfg = Release|x64
		{05B38DC3-C005-4124-A974-E1E1C82446D0}.Release|x64.Build.0 = Release|x64
		{05B38DC3-C005-4124-A974-E1E1C82446D0}.Release|x64.Deploy.0 = Release|x64
		{05B38DC3-C005-4124-A974-E1E1C82446D0}.Release|x86.ActiveCfg = Release|x86
		{05B38DC3-C005-4124-A974-E1E1C82446D0}.Release|x86.Build.0 = Release|x86
		{05B38DC3-C005-4124-A974-E1E1C82446D0}.Release|x86.Deploy.0 = Release|x86
		{E7892996-8D6D-481F-86BC-2F3A14EEDF18}.Ad-Hoc|Any CPU.ActiveCfg = Ad-Hoc|iPhone
		{E7892996-8D6D-481F-86BC-2F3A14EEDF18}.Ad-Hoc|ARM.ActiveCfg = Ad-Hoc|iPhone
		{E7892996-8D6D-481F-86BC-2F3A14EEDF18}.Ad-Hoc|iPhone.ActiveCfg = Ad-Hoc|iPhone
		{E7892996-8D6D-481F-86BC-2F3A14EEDF18}.Ad-Hoc|iPhone.Build.0 = Ad-Hoc|iPhone
		{E7892996-8D6D-481F-86BC-2F3A14EEDF18}.Ad-Hoc|iPhoneSimulator.ActiveCfg = Ad-Hoc|iPhoneSimulator
		{E7892996-8D6D-481F-86BC-2F3A14EEDF18}.Ad-Hoc|iPhoneSimulator.Build.0 = Ad-Hoc|iPhoneSimulator
		{E7892996-8D6D-481F-86BC-2F3A14EEDF18}.Ad-Hoc|x64.ActiveCfg = Ad-Hoc|iPhone
		{E7892996-8D6D-481F-86BC-2F3A14EEDF18}.Ad-Hoc|x86.ActiveCfg = Ad-Hoc|iPhone
		{E7892996-8D6D-481F-86BC-2F3A14EEDF18}.AppStore|Any CPU.ActiveCfg = AppStore|iPhone
		{E7892996-8D6D-481F-86BC-2F3A14EEDF18}.AppStore|ARM.ActiveCfg = AppStore|iPhone
		{E7892996-8D6D-481F-86BC-2F3A14EEDF18}.AppStore|iPhone.ActiveCfg = AppStore|iPhone
		{E7892996-8D6D-481F-86BC-2F3A14EEDF18}.AppStore|iPhone.Build.0 = AppStore|iPhone
		{E7892996-8D6D-481F-86BC-2F3A14EEDF18}.AppStore|iPhoneSimulator.ActiveCfg = AppStore|iPhoneSimulator
		{E7892996-8D6D-481F-86BC-2F3A14EEDF18}.AppStore|iPhoneSimulator.Build.0 = AppStore|iPhoneSimulator
		{E7892996-8D6D-481F-86BC-2F3A14EEDF18}.AppStore|x64.ActiveCfg = AppStore|iPhone
		{E7892996-8D6D-481F-86BC-2F3A14EEDF18}.AppStore|x86.ActiveCfg = AppStore|iPhone
		{E7892996-8D6D-481F-86BC-2F3A14EEDF18}.Debug|Any CPU.ActiveCfg = Debug|iPhone
		{E7892996-8D6D-481F-86BC-2F3A14EEDF18}.Debug|ARM.ActiveCfg = Debug|iPhone
		{E7892996-8D6D-481F-86BC-2F3A14EEDF18}.Debug|iPhone.ActiveCfg = Debug|iPhone
		{E7892996-8D6D-481F-86BC-2F3A14EEDF18}.Debug|iPhone.Build.0 = Debug|iPhone
		{E7892996-8D6D-481F-86BC-2F3A14EEDF18}.Debug|iPhoneSimulator.ActiveCfg = Debug|iPhoneSimulator
		{E7892996-8D6D-481F-86BC-2F3A14EEDF18}.Debug|iPhoneSimulator.Build.0 = Debug|iPhoneSimulator
		{E7892996-8D6D-481F-86BC-2F3A14EEDF18}.Debug|x64.ActiveCfg = Debug|iPhone
		{E7892996-8D6D-481F-86BC-2F3A14EEDF18}.Debug|x86.ActiveCfg = Debug|iPhone
		{E7892996-8D6D-481F-86BC-2F3A14EEDF18}.Release|Any CPU.ActiveCfg = Release|iPhone
		{E7892996-8D6D-481F-86BC-2F3A14EEDF18}.Release|ARM.ActiveCfg = Release|iPhone
		{E7892996-8D6D-481F-86BC-2F3A14EEDF18}.Release|iPhone.ActiveCfg = Release|iPhone
		{E7892996-8D6D-481F-86BC-2F3A14EEDF18}.Release|iPhone.Build.0 = Release|iPhone
		{E7892996-8D6D-481F-86BC-2F3A14EEDF18}.Release|iPhoneSimulator.ActiveCfg = Release|iPhoneSimulator
		{E7892996-8D6D-481F-86BC-2F3A14EEDF18}.Release|iPhoneSimulator.Build.0 = Release|iPhoneSimulator
		{E7892996-8D6D-481F-86BC-2F3A14EEDF18}.Release|x64.ActiveCfg = Release|iPhone
		{E7892996-8D6D-481F-86BC-2F3A14EEDF18}.Release|x86.ActiveCfg = Release|iPhone
	EndGlobalSection
	GlobalSection(SolutionProperties) = preSolution
		HideSolutionNode = FALSE
	EndGlobalSection
	GlobalSection(ExtensibilityGlobals) = postSolution
		SolutionGuid = {3B2B5390-89FB-429A-9DBB-735558749350}
	EndGlobalSection
EndGlobal
